{
  "name": "@mirania/progress-bar",
  "version": "1.0.2",
  "lockfileVersion": 1,
  "requires": true,
  "dependencies": {
    "@mirania/console-colors": {
      "version": "1.0.2",
      "resolved": "https://registry.npmjs.org/@mirania/console-colors/-/console-colors-1.0.2.tgz",
      "integrity": "sha512-/IqSAP/x2cSxsnZXpSovHg1x9rJ93/lBKU7FPwvjGVTlN21n1iOo3Fz11382QF+j/A4fSUEa2XLyeSFjMzKt3Q=="
    }
  }
}
